
Microsoft Visual Studio Solution File, Format Version 12.00
# Visual Studio Version 17
VisualStudioVersion = 17.7.34031.279
MinimumVisualStudioVersion = 10.0.40219.1
Project("{FAE04EC0-301F-11D3-BF4B-00C04F79EFBC}") = "Hasan.Badr.harjoitus9", "Hasan.Badr.harjoitus9.csproj", "{6DEB2573-E7DF-4A29-81D8-EC0D725B0E34}"
EndProject
Global
	GlobalSection(SolutionConfigurationPlatforms) = preSolution
		Debug|Any CPU = Debug|Any CPU
		Release|Any CPU = Release|Any CPU
	EndGlobalSection
	GlobalSection(ProjectConfigurationPlatforms) = postSolution
		{6DEB2573-E7DF-4A29-81D8-EC0D725B0E34}.Debug|Any CPU.ActiveCfg = Debug|Any CPU
		{6DEB2573-E7DF-4A29-81D8-EC0D725B0E34}.Debug|Any CPU.Build.0 = Debug|Any CPU
		{6DEB2573-E7DF-4A29-81D8-EC0D725B0E34}.Release|Any CPU.ActiveCfg = Release|Any CPU
		{6DEB2573-E7DF-4A29-81D8-EC0D725B0E34}.Release|Any CPU.Build.0 = Release|Any CPU
	EndGlobalSection
	GlobalSection(SolutionProperties) = preSolution
		HideSolutionNode = FALSE
	EndGlobalSection
	GlobalSection(ExtensibilityGlobals) = postSolution
		SolutionGuid = {746B6828-2914-47EC-AA32-F967D41C8901}
	EndGlobalSection
EndGlobal
